
Microsoft Visual Studio Solution File, Format Version 12.00
# Visual Studio Version 17
VisualStudioVersion = 17.5.002.0
MinimumVisualStudioVersion = 10.0.40219.1
Project("{9A19103F-16F7-4668-BE54-9A1E7A4F7556}") = "lab-1", "lab-1\lab-1.csproj", "{FB210C16-B4A7-43A3-BE90-FCBE9869C546}"
EndProject
Project("{FAE04EC0-301F-11D3-BF4B-00C04F79EFBC}") = "lab-2", "lab-2\lab-2\lab-2.csproj", "{FD36ED71-6CCB-44AA-862F-04F99E065BE2}"
EndProject
Project("{FAE04EC0-301F-11D3-BF4B-00C04F79EFBC}") = "lab-4", "lab-4\lab-4\lab-4.csproj", "{6F407E59-DBE9-4102-A616-9C3809DF1557}"
EndProject
Project("{FAE04EC0-301F-11D3-BF4B-00C04F79EFBC}") = "lab-3", "lab-3\lab-3\lab-3.csproj", "{91861FB0-9115-4D31-A025-33D85102BD46}"
EndProject
Global
	GlobalSection(SolutionConfigurationPlatforms) = preSolution
		Debug|Any CPU = Debug|Any CPU
		Release|Any CPU = Release|Any CPU
	EndGlobalSection
	GlobalSection(ProjectConfigurationPlatforms) = postSolution
		{FB210C16-B4A7-43A3-BE90-FCBE9869C546}.Debug|Any CPU.ActiveCfg = Debug|Any CPU
		{FB210C16-B4A7-43A3-BE90-FCBE9869C546}.Debug|Any CPU.Build.0 = Debug|Any CPU
		{FB210C16-B4A7-43A3-BE90-FCBE9869C546}.Release|Any CPU.ActiveCfg = Release|Any CPU
		{FB210C16-B4A7-43A3-BE90-FCBE9869C546}.Release|Any CPU.Build.0 = Release|Any CPU
		{FD36ED71-6CCB-44AA-862F-04F99E065BE2}.Debug|Any CPU.ActiveCfg = Debug|Any CPU
		{FD36ED71-6CCB-44AA-862F-04F99E065BE2}.Debug|Any CPU.Build.0 = Debug|Any CPU
		{FD36ED71-6CCB-44AA-862F-04F99E065BE2}.Release|Any CPU.ActiveCfg = Release|Any CPU
		{FD36ED71-6CCB-44AA-862F-04F99E065BE2}.Release|Any CPU.Build.0 = Release|Any CPU
		{91861FB0-9115-4D31-A025-33D85102BD46}.Debug|Any CPU.ActiveCfg = Debug|Any CPU
		{91861FB0-9115-4D31-A025-33D85102BD46}.Debug|Any CPU.Build.0 = Debug|Any CPU
		{91861FB0-9115-4D31-A025-33D85102BD46}.Release|Any CPU.ActiveCfg = Release|Any CPU
		{91861FB0-9115-4D31-A025-33D85102BD46}.Release|Any CPU.Build.0 = Release|Any CPU
		{6F407E59-DBE9-4102-A616-9C3809DF1557}.Debug|Any CPU.ActiveCfg = Debug|Any CPU
		{6F407E59-DBE9-4102-A616-9C3809DF1557}.Debug|Any CPU.Build.0 = Debug|Any CPU
		{6F407E59-DBE9-4102-A616-9C3809DF1557}.Release|Any CPU.ActiveCfg = Release|Any CPU
		{6F407E59-DBE9-4102-A616-9C3809DF1557}.Release|Any CPU.Build.0 = Release|Any CPU
	EndGlobalSection
	GlobalSection(SolutionProperties) = preSolution
		HideSolutionNode = FALSE
	EndGlobalSection
	GlobalSection(ExtensibilityGlobals) = postSolution
		SolutionGuid = {D0BDE886-E42C-43B2-8704-6D5CD2960D71}
	EndGlobalSection
EndGlobal
